
Microsoft Visual Studio Solution File, Format Version 12.00
# Visual Studio Version 17
VisualStudioVersion = 17.11.35327.3
MinimumVisualStudioVersion = 10.0.40219.1
Project("{9A19103F-16F7-4668-BE54-9A1E7A4F7556}") = "Library.UnitTesting", "Source\Library.UnitTesting\Library.UnitTesting.csproj", "{FEB27564-CE19-4BAB-94BB-746FCF8C9682}"
EndProject
Project("{2150E333-8FDC-42A3-9474-1A3956D46DE8}") = "Source", "Source", "{45CE5C70-46AE-444C-A143-78CB67FDC9BC}"
EndProject
Project("{9A19103F-16F7-4668-BE54-9A1E7A4F7556}") = "SampleApp", "Source\SampleApp\SampleApp.csproj", "{22156C5B-9966-48C0-9693-95A68E2EA93A}"
EndProject
Project("{2150E333-8FDC-42A3-9474-1A3956D46DE8}") = "Tests", "Tests", "{F53D4D9A-4B6E-4DDE-A14F-BC5E5410D62A}"
EndProject
Project("{2150E333-8FDC-42A3-9474-1A3956D46DE8}") = "Unit", "Unit", "{A990044F-3C24-404D-A44D-4437FC307882}"
EndProject
Project("{FAE04EC0-301F-11D3-BF4B-00C04F79EFBC}") = "SampleAppUnitTests", "Tests\Unit\SampleAppUnitTests\SampleAppUnitTests.csproj", "{2FED8C25-1C82-4C5E-B25D-B64002E93198}"
EndProject
Global
	GlobalSection(SolutionConfigurationPlatforms) = preSolution
		Debug|Any CPU = Debug|Any CPU
		Release|Any CPU = Release|Any CPU
	EndGlobalSection
	GlobalSection(ProjectConfigurationPlatforms) = postSolution
		{FEB27564-CE19-4BAB-94BB-746FCF8C9682}.Debug|Any CPU.ActiveCfg = Debug|Any CPU
		{FEB27564-CE19-4BAB-94BB-746FCF8C9682}.Debug|Any CPU.Build.0 = Debug|Any CPU
		{FEB27564-CE19-4BAB-94BB-746FCF8C9682}.Release|Any CPU.ActiveCfg = Release|Any CPU
		{FEB27564-CE19-4BAB-94BB-746FCF8C9682}.Release|Any CPU.Build.0 = Release|Any CPU
		{22156C5B-9966-48C0-9693-95A68E2EA93A}.Debug|Any CPU.ActiveCfg = Debug|Any CPU
		{22156C5B-9966-48C0-9693-95A68E2EA93A}.Debug|Any CPU.Build.0 = Debug|Any CPU
		{22156C5B-9966-48C0-9693-95A68E2EA93A}.Release|Any CPU.ActiveCfg = Release|Any CPU
		{22156C5B-9966-48C0-9693-95A68E2EA93A}.Release|Any CPU.Build.0 = Release|Any CPU
		{2FED8C25-1C82-4C5E-B25D-B64002E93198}.Debug|Any CPU.ActiveCfg = Debug|Any CPU
		{2FED8C25-1C82-4C5E-B25D-B64002E93198}.Debug|Any CPU.Build.0 = Debug|Any CPU
		{2FED8C25-1C82-4C5E-B25D-B64002E93198}.Release|Any CPU.ActiveCfg = Release|Any CPU
		{2FED8C25-1C82-4C5E-B25D-B64002E93198}.Release|Any CPU.Build.0 = Release|Any CPU
	EndGlobalSection
	GlobalSection(SolutionProperties) = preSolution
		HideSolutionNode = FALSE
	EndGlobalSection
	GlobalSection(NestedProjects) = preSolution
		{FEB27564-CE19-4BAB-94BB-746FCF8C9682} = {45CE5C70-46AE-444C-A143-78CB67FDC9BC}
		{22156C5B-9966-48C0-9693-95A68E2EA93A} = {45CE5C70-46AE-444C-A143-78CB67FDC9BC}
		{A990044F-3C24-404D-A44D-4437FC307882} = {F53D4D9A-4B6E-4DDE-A14F-BC5E5410D62A}
		{2FED8C25-1C82-4C5E-B25D-B64002E93198} = {A990044F-3C24-404D-A44D-4437FC307882}
	EndGlobalSection
	GlobalSection(ExtensibilityGlobals) = postSolution
		SolutionGuid = {3FE26AB2-1DE8-4D18-B37A-06D4AF91CCDE}
	EndGlobalSection
EndGlobal
